{
  "version": 4,
  "terraform_version": "1.0.5",
  "serial": 22,
  "lineage": "336f1963-d88f-dcc7-41ad-fbc370ae76c6",
  "outputs": {
    "instance_details": {
      "value": {
        "worker-amazon": {
          "os_family": "amazon",
          "public_ip": "44.247.216.228",
          "user": "ec2-user"
        }
      },
      "type": [
        "object",
        {
          "worker-amazon": [
            "object",
            {
              "os_family": "string",
              "public_ip": "string",
              "user": "string"
            }
          ]
        }
      ]
    },
    "inventory_file": {
      "value": "./../inventories/dev/hosts.ini",
      "type": "string"
    }
  },
  "resources": [
    {
      "mode": "managed",
      "type": "aws_default_vpc",
      "name": "default",
      "provider": "provider[\"registry.terraform.io/hashicorp/aws\"]",
      "instances": [
        {
          "schema_version": 1,
          "attributes": {
            "arn": "arn:aws:ec2:us-west-2:486002297327:vpc/vpc-03ff03573f2207f6e",
            "assign_generated_ipv6_cidr_block": false,
            "cidr_block": "172.31.0.0/16",
            "default_network_acl_id": "acl-00d91cf9b71673bfa",
            "default_route_table_id": "rtb-0bb3bde8b386e627f",
            "default_security_group_id": "sg-06039569f5cfb414f",
            "dhcp_options_id": "dopt-0d6f47a830586cd5d",
            "enable_dns_hostnames": true,
            "enable_dns_support": true,
            "enable_network_address_usage_metrics": false,
            "existing_default_vpc": true,
            "force_destroy": false,
            "id": "vpc-03ff03573f2207f6e",
            "instance_tenancy": "default",
            "ipv6_association_id": "",
            "ipv6_cidr_block": "",
            "ipv6_cidr_block_network_border_group": "",
            "ipv6_ipam_pool_id": "",
            "ipv6_netmask_length": 0,
            "main_route_table_id": "rtb-0bb3bde8b386e627f",
            "owner_id": "486002297327",
            "region": "us-west-2",
            "tags": null,
            "tags_all": {}
          },
          "sensitive_attributes": [],
          "private": "eyJzY2hlbWFfdmVyc2lvbiI6IjEifQ=="
        }
      ]
    },
    {
      "mode": "managed",
      "type": "aws_instance",
      "name": "my_instance",
      "provider": "provider[\"registry.terraform.io/hashicorp/aws\"]",
      "instances": [
        {
          "index_key": "worker-amazon",
          "schema_version": 2,
          "attributes": {
            "ami": "ami-043ab4148b7bb33e9",
            "arn": "arn:aws:ec2:us-west-2:486002297327:instance/i-031cf9519a2355d1e",
            "associate_public_ip_address": true,
            "availability_zone": "us-west-2c",
            "capacity_reservation_specification": [
              {
                "capacity_reservation_preference": "open",
                "capacity_reservation_target": []
              }
            ],
            "cpu_options": [
              {
                "amd_sev_snp": "",
                "core_count": 1,
                "nested_virtualization": "",
                "threads_per_core": 1
              }
            ],
            "credit_specification": [
              {
                "cpu_credits": "standard"
              }
            ],
            "disable_api_stop": false,
            "disable_api_termination": false,
            "ebs_block_device": [],
            "ebs_optimized": false,
            "enable_primary_ipv6": null,
            "enclave_options": [
              {
                "enabled": false
              }
            ],
            "ephemeral_block_device": [],
            "force_destroy": false,
            "get_password_data": false,
            "hibernation": false,
            "host_id": "",
            "host_resource_group_arn": null,
            "iam_instance_profile": "",
            "id": "i-031cf9519a2355d1e",
            "instance_initiated_shutdown_behavior": "stop",
            "instance_lifecycle": "",
            "instance_market_options": [],
            "instance_state": "running",
            "instance_type": "t2.micro",
            "ipv6_address_count": 0,
            "ipv6_addresses": [],
            "key_name": "terra-key-ansible",
            "launch_template": [],
            "maintenance_options": [
              {
                "auto_recovery": "default"
              }
            ],
            "metadata_options": [
              {
                "http_endpoint": "enabled",
                "http_protocol_ipv6": "disabled",
                "http_put_response_hop_limit": 2,
                "http_tokens": "required",
                "instance_metadata_tags": "disabled"
              }
            ],
            "monitoring": false,
            "network_interface": [],
            "outpost_arn": "",
            "password_data": "",
            "placement_group": "",
            "placement_group_id": "",
            "placement_partition_number": 0,
            "primary_network_interface": [
              {
                "delete_on_termination": true,
                "network_interface_id": "eni-0481b4922faf68cb9"
              }
            ],
            "primary_network_interface_id": "eni-0481b4922faf68cb9",
            "private_dns": "ip-172-31-10-255.us-west-2.compute.internal",
            "private_dns_name_options": [
              {
                "enable_resource_name_dns_a_record": false,
                "enable_resource_name_dns_aaaa_record": false,
                "hostname_type": "ip-name"
              }
            ],
            "private_ip": "172.31.10.255",
            "public_dns": "ec2-44-247-216-228.us-west-2.compute.amazonaws.com",
            "public_ip": "44.247.216.228",
            "region": "us-west-2",
            "root_block_device": [
              {
                "delete_on_termination": true,
                "device_name": "/dev/xvda",
                "encrypted": false,
                "iops": 3000,
                "kms_key_id": "",
                "tags": null,
                "tags_all": {},
                "throughput": 125,
                "volume_id": "vol-09457fc17144e5ac2",
                "volume_size": 10,
                "volume_type": "gp3"
              }
            ],
            "secondary_network_interface": [],
            "secondary_private_ips": [],
            "security_groups": [
              "ansible-lab-sg"
            ],
            "source_dest_check": true,
            "spot_instance_request_id": "",
            "subnet_id": "subnet-0cd7390c673b3ab3e",
            "tags": {
              "ManagedBy": "terraform",
              "Name": "worker-amazon",
              "OSFamily": "amazon",
              "Project": "ansible-training"
            },
            "tags_all": {
              "ManagedBy": "terraform",
              "Name": "worker-amazon",
              "OSFamily": "amazon",
              "Project": "ansible-training"
            },
            "tenancy": "default",
            "timeouts": null,
            "user_data": null,
            "user_data_base64": null,
            "user_data_replace_on_change": false,
            "volume_tags": null,
            "vpc_security_group_ids": [
              "sg-0ca03e5baa87d589e"
            ]
          },
          "sensitive_attributes": [],
          "private": "eyJlMmJmYjczMC1lY2FhLTExZTYtOGY4OC0zNDM2M2JjN2M0YzAiOnsiY3JlYXRlIjo2MDAwMDAwMDAwMDAsImRlbGV0ZSI6MTIwMDAwMDAwMDAwMCwicmVhZCI6OTAwMDAwMDAwMDAwLCJ1cGRhdGUiOjYwMDAwMDAwMDAwMH0sInNjaGVtYV92ZXJzaW9uIjoiMiJ9",
          "dependencies": [
            "aws_default_vpc.default",
            "aws_key_pair.ansible",
            "aws_security_group.ansible_lab"
          ]
        }
      ]
    },
    {
      "mode": "managed",
      "type": "aws_key_pair",
      "name": "ansible",
      "provider": "provider[\"registry.terraform.io/hashicorp/aws\"]",
      "instances": [
        {
          "schema_version": 1,
          "attributes": {
            "arn": "arn:aws:ec2:us-west-2:486002297327:key-pair/terra-key-ansible",
            "fingerprint": "qh1r1hHStVJ7c3wL19FpvpUDXq3prUTECSbfd5syZ9Q=",
            "id": "terra-key-ansible",
            "key_name": "terra-key-ansible",
            "key_name_prefix": "",
            "key_pair_id": "key-03e70edbeb7f4b36c",
            "key_type": "ed25519",
            "public_key": "ssh-ed25519 AAAAC3NzaC1lZDI1NTE5AAAAIEK5uT/l/70AuG/9Pr1dnZKIwTv3r1Ec1sFHvnZkKOA9 smotghar@LAPTOP-5A2A0BF",
            "region": "us-west-2",
            "tags": null,
            "tags_all": {}
          },
          "sensitive_attributes": [],
          "private": "eyJzY2hlbWFfdmVyc2lvbiI6IjEifQ=="
        }
      ]
    },
    {
      "mode": "managed",
      "type": "aws_security_group",
      "name": "ansible_lab",
      "provider": "provider[\"registry.terraform.io/hashicorp/aws\"]",
      "instances": [
        {
          "schema_version": 1,
          "attributes": {
            "arn": "arn:aws:ec2:us-west-2:486002297327:security-group/sg-0ca03e5baa87d589e",
            "description": "Security group for Ansible lab instances",
            "egress": [
              {
                "cidr_blocks": [
                  "0.0.0.0/0"
                ],
                "description": "All outbound traffic",
                "from_port": 0,
                "ipv6_cidr_blocks": [],
                "prefix_list_ids": [],
                "protocol": "-1",
                "security_groups": [],
                "self": false,
                "to_port": 0
              }
            ],
            "id": "sg-0ca03e5baa87d589e",
            "ingress": [
              {
                "cidr_blocks": [
                  "0.0.0.0/0"
                ],
                "description": "Application (Flask/custom app)",
                "from_port": 8080,
                "ipv6_cidr_blocks": [],
                "prefix_list_ids": [],
                "protocol": "tcp",
                "security_groups": [],
                "self": false,
                "to_port": 8080
              },
              {
                "cidr_blocks": [
                  "0.0.0.0/0"
                ],
                "description": "Grafana",
                "from_port": 3000,
                "ipv6_cidr_blocks": [],
                "prefix_list_ids": [],
                "protocol": "tcp",
                "security_groups": [],
                "self": false,
                "to_port": 3000
              },
              {
                "cidr_blocks": [
                  "0.0.0.0/0"
                ],
                "description": "HTTP",
                "from_port": 80,
                "ipv6_cidr_blocks": [],
                "prefix_list_ids": [],
                "protocol": "tcp",
                "security_groups": [],
                "self": false,
                "to_port": 80
              },
              {
                "cidr_blocks": [
                  "0.0.0.0/0"
                ],
                "description": "HTTPS",
                "from_port": 443,
                "ipv6_cidr_blocks": [],
                "prefix_list_ids": [],
                "protocol": "tcp",
                "security_groups": [],
                "self": false,
                "to_port": 443
              },
              {
                "cidr_blocks": [
                  "0.0.0.0/0"
                ],
                "description": "Node Exporter (monitoring)",
                "from_port": 9100,
                "ipv6_cidr_blocks": [],
                "prefix_list_ids": [],
                "protocol": "tcp",
                "security_groups": [],
                "self": false,
                "to_port": 9100
              },
              {
                "cidr_blocks": [
                  "0.0.0.0/0"
                ],
                "description": "Prometheus",
                "from_port": 9090,
                "ipv6_cidr_blocks": [],
                "prefix_list_ids": [],
                "protocol": "tcp",
                "security_groups": [],
                "self": false,
                "to_port": 9090
              },
              {
                "cidr_blocks": [
                  "0.0.0.0/0"
                ],
                "description": "SSH",
                "from_port": 22,
                "ipv6_cidr_blocks": [],
                "prefix_list_ids": [],
                "protocol": "tcp",
                "security_groups": [],
                "self": false,
                "to_port": 22
              }
            ],
            "name": "ansible-lab-sg",
            "name_prefix": "",
            "owner_id": "486002297327",
            "region": "us-west-2",
            "revoke_rules_on_delete": false,
            "tags": {
              "Name": "ansible-lab-sg"
            },
            "tags_all": {
              "Name": "ansible-lab-sg"
            },
            "timeouts": null,
            "vpc_id": "vpc-03ff03573f2207f6e"
          },
          "sensitive_attributes": [],
          "private": "eyJlMmJmYjczMC1lY2FhLTExZTYtOGY4OC0zNDM2M2JjN2M0YzAiOnsiY3JlYXRlIjo2MDAwMDAwMDAwMDAsImRlbGV0ZSI6OTAwMDAwMDAwMDAwfSwic2NoZW1hX3ZlcnNpb24iOiIxIn0=",
          "dependencies": [
            "aws_default_vpc.default"
          ]
        }
      ]
    },
    {
      "mode": "managed",
      "type": "local_file",
      "name": "ansible_inventory",
      "provider": "provider[\"registry.terraform.io/hashicorp/local\"]",
      "instances": [
        {
          "schema_version": 0,
          "attributes": {
            "content": "# Ansible Inventory — Auto-generated by Terraform\n# Do NOT edit manually. Re-run 'terraform apply' to regenerate.\n\n[all:vars]\nansible_ssh_private_key_file=~/keys/terra-key-ansible\nansible_python_interpreter=/usr/bin/python3\nansible_host_key_checking=false\n\n[servers]\n\n\nworker-amazon ansible_host=44.247.216.228 ansible_user=ec2-user\n\n",
            "content_base64": null,
            "content_base64sha256": "DOI24+eJ26lY2pDvrvKwaHcMFS9sSdQQVnc3R/iWJQM=",
            "content_base64sha512": "HZafBHWG0rMZ0N7gTyAd8tZRSNYSz8MmAkaK4bSewBsvPG2Y6mTqEoZKT5dGl07d+IgNZa9t5Mo85sGQp+GvDQ==",
            "content_md5": "f71f357b7a885f5fb43d500a1d73528a",
            "content_sha1": "20894a2f51a557d6539491252075e3160a5e9028",
            "content_sha256": "0ce236e3e789dba958da90efaef2b068770c152f6c49d41056773747f8962503",
            "content_sha512": "1d969f047586d2b319d0dee04f201df2d65148d612cfc32602468ae1b49ec01b2f3c6d98ea64ea12864a4f9746974eddf8880d65af6de4ca3ce6c190a7e1af0d",
            "directory_permission": "0777",
            "file_permission": "0644",
            "filename": "./../inventories/dev/hosts.ini",
            "id": "20894a2f51a557d6539491252075e3160a5e9028",
            "sensitive_content": null,
            "source": null
          },
          "sensitive_attributes": [],
          "dependencies": [
            "aws_default_vpc.default",
            "aws_instance.my_instance",
            "aws_key_pair.ansible",
            "aws_security_group.ansible_lab"
          ]
        }
      ]
    }
  ]
}
